
Microsoft Visual Studio Solution File, Format Version 12.00
# Visual Studio 2012
Project("{E24C65DC-7377-472B-9ABA-BC803B73C61A}") = "ogam1", ".", "{6A93A3C9-B7F0-401C-AA27-B555EE11633F}"
	ProjectSection(WebsiteProperties) = preProject
		TargetFrameworkMoniker = ".NETFramework,Version%3Dv4.0"
		Debug.AspNetCompiler.VirtualPath = "/.NET CMS"
		Debug.AspNetCompiler.PhysicalPath = "..\ogam1\"
		Debug.AspNetCompiler.TargetPath = "PrecompiledWeb\.NET CMS\"
		Debug.AspNetCompiler.Updateable = "true"
		Debug.AspNetCompiler.ForceOverwrite = "true"
		Debug.AspNetCompiler.FixedNames = "false"
		Debug.AspNetCompiler.Debug = "True"
		Release.AspNetCompiler.VirtualPath = "/.NET CMS"
		Release.AspNetCompiler.PhysicalPath = "..\ogam1\"
		Release.AspNetCompiler.TargetPath = "PrecompiledWeb\.NET CMS\"
		Release.AspNetCompiler.Updateable = "true"
		Release.AspNetCompiler.ForceOverwrite = "true"
		Release.AspNetCompiler.FixedNames = "false"
		Release.AspNetCompiler.Debug = "False"
		VWDPort = "51377"
	EndProjectSection
EndProject
Global
	GlobalSection(SolutionConfigurationPlatforms) = preSolution
		Debug|Any CPU = Debug|Any CPU
	EndGlobalSection
	GlobalSection(ProjectConfigurationPlatforms) = postSolution
		{6A93A3C9-B7F0-401C-AA27-B555EE11633F}.Debug|Any CPU.ActiveCfg = Debug|Any CPU
		{6A93A3C9-B7F0-401C-AA27-B555EE11633F}.Debug|Any CPU.Build.0 = Debug|Any CPU
	EndGlobalSection
	GlobalSection(SolutionProperties) = preSolution
		HideSolutionNode = FALSE
	EndGlobalSection
EndGlobal
